
Microsoft Visual Studio Solution File, Format Version 12.00
# Visual Studio Version 16
VisualStudioVersion = 16.0.28922.388
MinimumVisualStudioVersion = 10.0.40219.1
Project("{9A19103F-16F7-4668-BE54-9A1E7A4F7556}") = "Domain.Customers", "Domain.Customers\Domain.Customers.csproj", "{4424C151-DA54-4F95-89AB-9C63FDA514F0}"
EndProject
Project("{9A19103F-16F7-4668-BE54-9A1E7A4F7556}") = "Domain.Customers.Contracts", "Domain.Customers.Contracts\Domain.Customers.Contracts.csproj", "{E58D5124-EB08-46F5-9013-24164469A273}"
EndProject
Project("{9A19103F-16F7-4668-BE54-9A1E7A4F7556}") = "Domain.Orders", "Domain.Orders\Domain.Orders.csproj", "{D6B1EE31-E581-4285-A5D9-38B583693B28}"
EndProject
Project("{9A19103F-16F7-4668-BE54-9A1E7A4F7556}") = "Domain.Orders.Contracts", "Domain.Orders.Contracts\Domain.Orders.Contracts.csproj", "{6B4A27C4-EB61-46BC-9045-208A55467F67}"
EndProject
Project("{9A19103F-16F7-4668-BE54-9A1E7A4F7556}") = "Domain.ValueTypes", "Domain.ValueTypes\Domain.ValueTypes.csproj", "{C38FBD79-267F-41CC-9333-0F089B198F2F}"
EndProject
Project("{2150E333-8FDC-42A3-9474-1A3956D46DE8}") = "Customers", "Customers", "{97F357BB-DC8B-4FE7-ADD2-7301BA24247B}"
EndProject
Project("{2150E333-8FDC-42A3-9474-1A3956D46DE8}") = "Orders", "Orders", "{EA32046C-A57B-401D-A459-3E536A9C147C}"
EndProject
Project("{2150E333-8FDC-42A3-9474-1A3956D46DE8}") = "Payments", "Payments", "{B48C4A49-5170-43D0-BE3A-984E9C0D3A89}"
EndProject
Project("{9A19103F-16F7-4668-BE54-9A1E7A4F7556}") = "Domain.Payments", "Domain.Payments\Domain.Payments.csproj", "{A6FA8E30-1ADC-4945-B9D0-A1944BBEA3D3}"
EndProject
Project("{9A19103F-16F7-4668-BE54-9A1E7A4F7556}") = "Domain.Payments.Contracts", "Domain.Payments.Contracts\Domain.Payments.Contracts.csproj", "{C798A7BF-1398-4C94-AC91-F73498A44796}"
EndProject
Project("{2150E333-8FDC-42A3-9474-1A3956D46DE8}") = "Products", "Products", "{B227E3A9-AFDD-473C-AB5F-217F006F525C}"
EndProject
Project("{9A19103F-16F7-4668-BE54-9A1E7A4F7556}") = "Domain.Products.Contracts", "Domain.Products.Contracts\Domain.Products.Contracts.csproj", "{F920C0E5-0A37-4CF7-AF4A-00F9CAA87E20}"
EndProject
Project("{9A19103F-16F7-4668-BE54-9A1E7A4F7556}") = "Domain.Services", "Domain.Services\Domain.Services.csproj", "{733A9BAB-A17F-4655-8147-F9CE98BDDF0D}"
EndProject
Project("{FAE04EC0-301F-11D3-BF4B-00C04F79EFBC}") = "Domain.Abstractions", "Domain.Abstractions\Domain.Abstractions.csproj", "{75FBA9CC-3A73-4DAE-9BDF-DA0FFF26E8A6}"
EndProject
Global
	GlobalSection(SolutionConfigurationPlatforms) = preSolution
		Debug|Any CPU = Debug|Any CPU
		Release|Any CPU = Release|Any CPU
	EndGlobalSection
	GlobalSection(ProjectConfigurationPlatforms) = postSolution
		{4424C151-DA54-4F95-89AB-9C63FDA514F0}.Debug|Any CPU.ActiveCfg = Debug|Any CPU
		{4424C151-DA54-4F95-89AB-9C63FDA514F0}.Debug|Any CPU.Build.0 = Debug|Any CPU
		{4424C151-DA54-4F95-89AB-9C63FDA514F0}.Release|Any CPU.ActiveCfg = Release|Any CPU
		{4424C151-DA54-4F95-89AB-9C63FDA514F0}.Release|Any CPU.Build.0 = Release|Any CPU
		{E58D5124-EB08-46F5-9013-24164469A273}.Debug|Any CPU.ActiveCfg = Debug|Any CPU
		{E58D5124-EB08-46F5-9013-24164469A273}.Debug|Any CPU.Build.0 = Debug|Any CPU
		{E58D5124-EB08-46F5-9013-24164469A273}.Release|Any CPU.ActiveCfg = Release|Any CPU
		{E58D5124-EB08-46F5-9013-24164469A273}.Release|Any CPU.Build.0 = Release|Any CPU
		{D6B1EE31-E581-4285-A5D9-38B583693B28}.Debug|Any CPU.ActiveCfg = Debug|Any CPU
		{D6B1EE31-E581-4285-A5D9-38B583693B28}.Debug|Any CPU.Build.0 = Debug|Any CPU
		{D6B1EE31-E581-4285-A5D9-38B583693B28}.Release|Any CPU.ActiveCfg = Release|Any CPU
		{D6B1EE31-E581-4285-A5D9-38B583693B28}.Release|Any CPU.Build.0 = Release|Any CPU
		{6B4A27C4-EB61-46BC-9045-208A55467F67}.Debug|Any CPU.ActiveCfg = Debug|Any CPU
		{6B4A27C4-EB61-46BC-9045-208A55467F67}.Debug|Any CPU.Build.0 = Debug|Any CPU
		{6B4A27C4-EB61-46BC-9045-208A55467F67}.Release|Any CPU.ActiveCfg = Release|Any CPU
		{6B4A27C4-EB61-46BC-9045-208A55467F67}.Release|Any CPU.Build.0 = Release|Any CPU
		{C38FBD79-267F-41CC-9333-0F089B198F2F}.Debug|Any CPU.ActiveCfg = Debug|Any CPU
		{C38FBD79-267F-41CC-9333-0F089B198F2F}.Debug|Any CPU.Build.0 = Debug|Any CPU
		{C38FBD79-267F-41CC-9333-0F089B198F2F}.Release|Any CPU.ActiveCfg = Release|Any CPU
		{C38FBD79-267F-41CC-9333-0F089B198F2F}.Release|Any CPU.Build.0 = Release|Any CPU
		{A6FA8E30-1ADC-4945-B9D0-A1944BBEA3D3}.Debug|Any CPU.ActiveCfg = Debug|Any CPU
		{A6FA8E30-1ADC-4945-B9D0-A1944BBEA3D3}.Debug|Any CPU.Build.0 = Debug|Any CPU
		{A6FA8E30-1ADC-4945-B9D0-A1944BBEA3D3}.Release|Any CPU.ActiveCfg = Release|Any CPU
		{A6FA8E30-1ADC-4945-B9D0-A1944BBEA3D3}.Release|Any CPU.Build.0 = Release|Any CPU
		{C798A7BF-1398-4C94-AC91-F73498A44796}.Debug|Any CPU.ActiveCfg = Debug|Any CPU
		{C798A7BF-1398-4C94-AC91-F73498A44796}.Debug|Any CPU.Build.0 = Debug|Any CPU
		{C798A7BF-1398-4C94-AC91-F73498A44796}.Release|Any CPU.ActiveCfg = Release|Any CPU
		{C798A7BF-1398-4C94-AC91-F73498A44796}.Release|Any CPU.Build.0 = Release|Any CPU
		{F920C0E5-0A37-4CF7-AF4A-00F9CAA87E20}.Debug|Any CPU.ActiveCfg = Debug|Any CPU
		{F920C0E5-0A37-4CF7-AF4A-00F9CAA87E20}.Debug|Any CPU.Build.0 = Debug|Any CPU
		{F920C0E5-0A37-4CF7-AF4A-00F9CAA87E20}.Release|Any CPU.ActiveCfg = Release|Any CPU
		{F920C0E5-0A37-4CF7-AF4A-00F9CAA87E20}.Release|Any CPU.Build.0 = Release|Any CPU
		{733A9BAB-A17F-4655-8147-F9CE98BDDF0D}.Debug|Any CPU.ActiveCfg = Debug|Any CPU
		{733A9BAB-A17F-4655-8147-F9CE98BDDF0D}.Debug|Any CPU.Build.0 = Debug|Any CPU
		{733A9BAB-A17F-4655-8147-F9CE98BDDF0D}.Release|Any CPU.ActiveCfg = Release|Any CPU
		{733A9BAB-A17F-4655-8147-F9CE98BDDF0D}.Release|Any CPU.Build.0 = Release|Any CPU
		{75FBA9CC-3A73-4DAE-9BDF-DA0FFF26E8A6}.Debug|Any CPU.ActiveCfg = Debug|Any CPU
		{75FBA9CC-3A73-4DAE-9BDF-DA0FFF26E8A6}.Debug|Any CPU.Build.0 = Debug|Any CPU
		{75FBA9CC-3A73-4DAE-9BDF-DA0FFF26E8A6}.Release|Any CPU.ActiveCfg = Release|Any CPU
		{75FBA9CC-3A73-4DAE-9BDF-DA0FFF26E8A6}.Release|Any CPU.Build.0 = Release|Any CPU
	EndGlobalSection
	GlobalSection(SolutionProperties) = preSolution
		HideSolutionNode = FALSE
	EndGlobalSection
	GlobalSection(NestedProjects) = preSolution
		{4424C151-DA54-4F95-89AB-9C63FDA514F0} = {97F357BB-DC8B-4FE7-ADD2-7301BA24247B}
		{E58D5124-EB08-46F5-9013-24164469A273} = {97F357BB-DC8B-4FE7-ADD2-7301BA24247B}
		{D6B1EE31-E581-4285-A5D9-38B583693B28} = {EA32046C-A57B-401D-A459-3E536A9C147C}
		{6B4A27C4-EB61-46BC-9045-208A55467F67} = {EA32046C-A57B-401D-A459-3E536A9C147C}
		{A6FA8E30-1ADC-4945-B9D0-A1944BBEA3D3} = {B48C4A49-5170-43D0-BE3A-984E9C0D3A89}
		{C798A7BF-1398-4C94-AC91-F73498A44796} = {B48C4A49-5170-43D0-BE3A-984E9C0D3A89}
		{F920C0E5-0A37-4CF7-AF4A-00F9CAA87E20} = {B227E3A9-AFDD-473C-AB5F-217F006F525C}
	EndGlobalSection
	GlobalSection(ExtensibilityGlobals) = postSolution
		SolutionGuid = {24337A71-E72E-4D9B-A4D0-C6C2939A3172}
	EndGlobalSection
EndGlobal
